// !$*UTF8*$!
{
	archiveVersion = 1;
	classes = {
	};
	objectVersion = 50;
	objects = {

/* Begin PBXBuildFile section */
		2A62E4A51FF7A4D6F0A05DF0 /* Pods_UIKitProgrammatically.framework in Frameworks */ = {isa = PBXBuildFile; fileRef = 0EB1FD67AD4538B467904C2F /* Pods_UIKitProgrammatically.framework */; };
		890E689920E5397F0039AAE3 /* AppDelegate.swift in Sources */ = {isa = PBXBuildFile; fileRef = 890E689820E5397F0039AAE3 /* AppDelegate.swift */; };
		890E689B20E5397F0039AAE3 /* ViewController.swift in Sources */ = {isa = PBXBuildFile; fileRef = 890E689A20E5397F0039AAE3 /* ViewController.swift */; };
		890E689E20E5397F0039AAE3 /* Main.storyboard in Resources */ = {isa = PBXBuildFile; fileRef = 890E689C20E5397F0039AAE3 /* Main.storyboard */; };
		890E68A020E539800039AAE3 /* Assets.xcassets in Resources */ = {isa = PBXBuildFile; fileRef = 890E689F20E539800039AAE3 /* Assets.xcassets */; };
		890E68A320E539800039AAE3 /* LaunchScreen.storyboard in Resources */ = {isa = PBXBuildFile; fileRef = 890E68A120E539800039AAE3 /* LaunchScreen.storyboard */; };
		890E68AB20E549FF0039AAE3 /* 2ndViewController.swift in Sources */ = {isa = PBXBuildFile; fileRef = 890E68AA20E549FF0039AAE3 /* 2ndViewController.swift */; };
		892BC78720E64C6D0084F8AC /* guestureViewController.swift in Sources */ = {isa = PBXBuildFile; fileRef = 892BC78620E64C6D0084F8AC /* guestureViewController.swift */; };
		89D7474F20E5CB4200E67601 /* DetailViewController.swift in Sources */ = {isa = PBXBuildFile; fileRef = 89D7474E20E5CB4200E67601 /* DetailViewController.swift */; };
		89D7475120E5D76200E67601 /* CollectionViewController.swift in Sources */ = {isa = PBXBuildFile; fileRef = 89D7475020E5D76200E67601 /* CollectionViewController.swift */; };
		89D7475320E5DABF00E67601 /* myCustomCollectionViewCell.swift in Sources */ = {isa = PBXBuildFile; fileRef = 89D7475220E5DABF00E67601 /* myCustomCollectionViewCell.swift */; };
		89D7475520E5E50B00E67601 /* CGAViewController.swift in Sources */ = {isa = PBXBuildFile; fileRef = 89D7475420E5E50B00E67601 /* CGAViewController.swift */; };
/* End PBXBuildFile section */

/* Begin PBXFileReference section */
		0EB1FD67AD4538B467904C2F /* Pods_UIKitProgrammatically.framework */ = {isa = PBXFileReference; explicitFileType = wrapper.framework; includeInIndex = 0; path = Pods_UIKitProgrammatically.framework; sourceTree = BUILT_PRODUCTS_DIR; };
		351EBEA970AB68D84842D02B /* Pods-UIKitProgrammatically.debug.xcconfig */ = {isa = PBXFileReference; includeInIndex = 1; lastKnownFileType = text.xcconfig; name = "Pods-UIKitProgrammatically.debug.xcconfig"; path = "Pods/Target Support Files/Pods-UIKitProgrammatically/Pods-UIKitProgrammatically.debug.xcconfig"; sourceTree = "<group>"; };
		4DFABBB35ED937A28BD1850C /* Pods-UIKitProgrammatically.release.xcconfig */ = {isa = PBXFileReference; includeInIndex = 1; lastKnownFileType = text.xcconfig; name = "Pods-UIKitProgrammatically.release.xcconfig"; path = "Pods/Target Support Files/Pods-UIKitProgrammatically/Pods-UIKitProgrammatically.release.xcconfig"; sourceTree = "<group>"; };
		890E689520E5397F0039AAE3 /* UIKitProgrammatically.app */ = {isa = PBXFileReference; explicitFileType = wrapper.application; includeInIndex = 0; path = UIKitProgrammatically.app; sourceTree = BUILT_PRODUCTS_DIR; };
		890E689820E5397F0039AAE3 /* AppDelegate.swift */ = {isa = PBXFileReference; lastKnownFileType = sourcecode.swift; path = AppDelegate.swift; sourceTree = "<group>"; };
		890E689A20E5397F0039AAE3 /* ViewController.swift */ = {isa = PBXFileReference; lastKnownFileType = sourcecode.swift; path = ViewController.swift; sourceTree = "<group>"; };
		890E689D20E5397F0039AAE3 /* Base */ = {isa = PBXFileReference; lastKnownFileType = file.storyboard; name = Base; path = Base.lproj/Main.storyboard; sourceTree = "<group>"; };
		890E689F20E539800039AAE3 /* Assets.xcassets */ = {isa = PBXFileReference; lastKnownFileType = folder.assetcatalog; path = Assets.xcassets; sourceTree = "<group>"; };
		890E68A220E539800039AAE3 /* Base */ = {isa = PBXFileReference; lastKnownFileType = file.storyboard; name = Base; path = Base.lproj/LaunchScreen.storyboard; sourceTree = "<group>"; };
		890E68A420E539800039AAE3 /* Info.plist */ = {isa = PBXFileReference; lastKnownFileType = text.plist.xml; path = Info.plist; sourceTree = "<group>"; };
		890E68AA20E549FF0039AAE3 /* 2ndViewController.swift */ = {isa = PBXFileReference; lastKnownFileType = sourcecode.swift; path = 2ndViewController.swift; sourceTree = "<group>"; };
		892BC78620E64C6D0084F8AC /* guestureViewController.swift */ = {isa = PBXFileReference; lastKnownFileType = sourcecode.swift; path = guestureViewController.swift; sourceTree = "<group>"; };
		89D7474E20E5CB4200E67601 /* DetailViewController.swift */ = {isa = PBXFileReference; lastKnownFileType = sourcecode.swift; path = DetailViewController.swift; sourceTree = "<group>"; };
		89D7475020E5D76200E67601 /* CollectionViewController.swift */ = {isa = PBXFileReference; lastKnownFileType = sourcecode.swift; path = CollectionViewController.swift; sourceTree = "<group>"; };
		89D7475220E5DABF00E67601 /* myCustomCollectionViewCell.swift */ = {isa = PBXFileReference; lastKnownFileType = sourcecode.swift; path = myCustomCollectionViewCell.swift; sourceTree = "<group>"; };
		89D7475420E5E50B00E67601 /* CGAViewController.swift */ = {isa = PBXFileReference; lastKnownFileType = sourcecode.swift; path = CGAViewController.swift; sourceTree = "<group>"; };
/* End PBXFileReference section */

/* Begin PBXFrameworksBuildPhase section */
		890E689220E5397F0039AAE3 /* Frameworks */ = {
			isa = PBXFrameworksBuildPhase;
			buildActionMask = 2147483647;
			files = (
				2A62E4A51FF7A4D6F0A05DF0 /* Pods_UIKitProgrammatically.framework in Frameworks */,
			);
			runOnlyForDeploymentPostprocessing = 0;
		};
/* End PBXFrameworksBuildPhase section */

/* Begin PBXGroup section */
		890E688C20E5397F0039AAE3 = {
			isa = PBXGroup;
			children = (
				890E689720E5397F0039AAE3 /* UIKitProgrammatically */,
				890E689620E5397F0039AAE3 /* Products */,
				DCF355A8B737F161FBB9C9AA /* Pods */,
				F12187143E1A3BBA7CB236F0 /* Frameworks */,
			);
			sourceTree = "<group>";
		};
		890E689620E5397F0039AAE3 /* Products */ = {
			isa = PBXGroup;
			children = (
				890E689520E5397F0039AAE3 /* UIKitProgrammatically.app */,
			);
			name = Products;
			sourceTree = "<group>";
		};
		890E689720E5397F0039AAE3 /* UIKitProgrammatically */ = {
			isa = PBXGroup;
			children = (
				890E689820E5397F0039AAE3 /* AppDelegate.swift */,
				890E689C20E5397F0039AAE3 /* Main.storyboard */,
				892BC78620E64C6D0084F8AC /* guestureViewController.swift */,
				890E689A20E5397F0039AAE3 /* ViewController.swift */,
				89D7474E20E5CB4200E67601 /* DetailViewController.swift */,
				89D7475220E5DABF00E67601 /* myCustomCollectionViewCell.swift */,
				89D7475020E5D76200E67601 /* CollectionViewController.swift */,
				89D7475420E5E50B00E67601 /* CGAViewController.swift */,
				890E68AA20E549FF0039AAE3 /* 2ndViewController.swift */,
				890E689F20E539800039AAE3 /* Assets.xcassets */,
				890E68A120E539800039AAE3 /* LaunchScreen.storyboard */,
				890E68A420E539800039AAE3 /* Info.plist */,
			);
			path = UIKitProgrammatically;
			sourceTree = "<group>";
		};
		DCF355A8B737F161FBB9C9AA /* Pods */ = {
			isa = PBXGroup;
			children = (
				351EBEA970AB68D84842D02B /* Pods-UIKitProgrammatically.debug.xcconfig */,
				4DFABBB35ED937A28BD1850C /* Pods-UIKitProgrammatically.release.xcconfig */,
			);
			name = Pods;
			sourceTree = "<group>";
		};
		F12187143E1A3BBA7CB236F0 /* Frameworks */ = {
			isa = PBXGroup;
			children = (
				0EB1FD67AD4538B467904C2F /* Pods_UIKitProgrammatically.framework */,
			);
			name = Frameworks;
			sourceTree = "<group>";
		};
/* End PBXGroup section */

/* Begin PBXNativeTarget section */
		890E689420E5397F0039AAE3 /* UIKitProgrammatically */ = {
			isa = PBXNativeTarget;
			buildConfigurationList = 890E68A720E539800039AAE3 /* Build configuration list for PBXNativeTarget "UIKitProgrammatically" */;
			buildPhases = (
				961B5974960550F9219C10F2 /* [CP] Check Pods Manifest.lock */,
				890E689120E5397F0039AAE3 /* Sources */,
				890E689220E5397F0039AAE3 /* Frameworks */,
				890E689320E5397F0039AAE3 /* Resources */,
				B1DE37B575325866AA4B306E /* [CP] Embed Pods Frameworks */,
			);
			buildRules = (
			);
			dependencies = (
			);
			name = UIKitProgrammatically;
			productName = UIKitProgrammatically;
			productReference = 890E689520E5397F0039AAE3 /* UIKitProgrammatically.app */;
			productType = "com.apple.product-type.application";
		};
/* End PBXNativeTarget section */

/* Begin PBXProject section */
		890E688D20E5397F0039AAE3 /* Project object */ = {
			isa = PBXProject;
			attributes = {
				LastSwiftUpdateCheck = 1000;
				LastUpgradeCheck = 1000;
				ORGANIZATIONNAME = "Dilip Kumar";
				TargetAttributes = {
					890E689420E5397F0039AAE3 = {
						CreatedOnToolsVersion = 10.0;
					};
				};
			};
			buildConfigurationList = 890E689020E5397F0039AAE3 /* Build configuration list for PBXProject "UIKitProgrammatically" */;
			compatibilityVersion = "Xcode 9.3";
			developmentRegion = en;
			hasScannedForEncodings = 0;
			knownRegions = (
				en,
				Base,
			);
			mainGroup = 890E688C20E5397F0039AAE3;
			productRefGroup = 890E689620E5397F0039AAE3 /* Products */;
			projectDirPath = "";
			projectRoot = "";
			targets = (
				890E689420E5397F0039AAE3 /* UIKitProgrammatically */,
			);
		};
/* End PBXProject section */

/* Begin PBXResourcesBuildPhase section */
		890E689320E5397F0039AAE3 /* Resources */ = {
			isa = PBXResourcesBuildPhase;
			buildActionMask = 2147483647;
			files = (
				890E68A320E539800039AAE3 /* LaunchScreen.storyboard in Resources */,
				890E68A020E539800039AAE3 /* Assets.xcassets in Resources */,
				890E689E20E5397F0039AAE3 /* Main.storyboard in Resources */,
			);
			runOnlyForDeploymentPostprocessing = 0;
		};
/* End PBXResourcesBuildPhase section */

/* Begin PBXShellScriptBuildPhase section */
		961B5974960550F9219C10F2 /* [CP] Check Pods Manifest.lock */ = {
			isa = PBXShellScriptBuildPhase;
			buildActionMask = 2147483647;
			files = (
			);
			inputPaths = (
				"${PODS_PODFILE_DIR_PATH}/Podfile.lock",
				"${PODS_ROOT}/Manifest.lock",
			);
			name = "[CP] Check Pods Manifest.lock";
			outputPaths = (
				"$(DERIVED_FILE_DIR)/Pods-UIKitProgrammatically-checkManifestLockResult.txt",
			);
			runOnlyForDeploymentPostprocessing = 0;
			shellPath = /bin/sh;
			shellScript = "diff \"${PODS_PODFILE_DIR_PATH}/Podfile.lock\" \"${PODS_ROOT}/Manifest.lock\" > /dev/null\nif [ $? != 0 ] ; then\n    # print error to STDERR\n    echo \"error: The sandbox is not in sync with the Podfile.lock. Run 'pod install' or update your CocoaPods installation.\" >&2\n    exit 1\nfi\n# This output is used by Xcode 'outputs' to avoid re-running this script phase.\necho \"SUCCESS\" > \"${SCRIPT_OUTPUT_FILE_0}\"\n";
			showEnvVarsInLog = 0;
		};
		B1DE37B575325866AA4B306E /* [CP] Embed Pods Frameworks */ = {
			isa = PBXShellScriptBuildPhase;
			buildActionMask = 2147483647;
			files = (
			);
			inputPaths = (
				"${SRCROOT}/Pods/Target Support Files/Pods-UIKitProgrammatically/Pods-UIKitProgrammatically-frameworks.sh",
				"${BUILT_PRODUCTS_DIR}/Alamofire/Alamofire.framework",
			);
			name = "[CP] Embed Pods Frameworks";
			outputPaths = (
				"${TARGET_BUILD_DIR}/${FRAMEWORKS_FOLDER_PATH}/Alamofire.framework",
			);
			runOnlyForDeploymentPostprocessing = 0;
			shellPath = /bin/sh;
			shellScript = "\"${SRCROOT}/Pods/Target Support Files/Pods-UIKitProgrammatically/Pods-UIKitProgrammatically-frameworks.sh\"\n";
			showEnvVarsInLog = 0;
		};
/* End PBXShellScriptBuildPhase section */

/* Begin PBXSourcesBuildPhase section */
		890E689120E5397F0039AAE3 /* Sources */ = {
			isa = PBXSourcesBuildPhase;
			buildActionMask = 2147483647;
			files = (
				890E68AB20E549FF0039AAE3 /* 2ndViewController.swift in Sources */,
				890E689B20E5397F0039AAE3 /* ViewController.swift in Sources */,
				892BC78720E64C6D0084F8AC /* guestureViewController.swift in Sources */,
				89D7475520E5E50B00E67601 /* CGAViewController.swift in Sources */,
				890E689920E5397F0039AAE3 /* AppDelegate.swift in Sources */,
				89D7474F20E5CB4200E67601 /* DetailViewController.swift in Sources */,
				89D7475320E5DABF00E67601 /* myCustomCollectionViewCell.swift in Sources */,
				89D7475120E5D76200E67601 /* CollectionViewController.swift in Sources */,
			);
			runOnlyForDeploymentPostprocessing = 0;
		};
/* End PBXSourcesBuildPhase section */

/* Begin PBXVariantGroup section */
		890E689C20E5397F0039AAE3 /* Main.storyboard */ = {
			isa = PBXVariantGroup;
			children = (
				890E689D20E5397F0039AAE3 /* Base */,
			);
			name = Main.storyboard;
			sourceTree = "<group>";
		};
		890E68A120E539800039AAE3 /* LaunchScreen.storyboard */ = {
			isa = PBXVariantGroup;
			children = (
				890E68A220E539800039AAE3 /* Base */,
			);
			name = LaunchScreen.storyboard;
			sourceTree = "<group>";
		};
/* End PBXVariantGroup section */

/* Begin XCBuildConfiguration section */
		890E68A520E539800039AAE3 /* Debug */ = {
			isa = XCBuildConfiguration;
			buildSettings = {
				ALWAYS_SEARCH_USER_PATHS = NO;
				CLANG_ANALYZER_NONNULL = YES;
				CLANG_ANALYZER_NUMBER_OBJECT_CONVERSION = YES_AGGRESSIVE;
				CLANG_CXX_LANGUAGE_STANDARD = "gnu++14";
				CLANG_CXX_LIBRARY = "libc++";
				CLANG_ENABLE_MODULES = YES;
				CLANG_ENABLE_OBJC_ARC = YES;
				CLANG_ENABLE_OBJC_WEAK = YES;
				CLANG_WARN_BLOCK_CAPTURE_AUTORELEASING = YES;
				CLANG_WARN_BOOL_CONVERSION = YES;
				CLANG_WARN_COMMA = YES;
				CLANG_WARN_CONSTANT_CONVERSION = YES;
				CLANG_WARN_DEPRECATED_OBJC_IMPLEMENTATIONS = YES;
				CLANG_WARN_DIRECT_OBJC_ISA_USAGE = YES_ERROR;
				CLANG_WARN_DOCUMENTATION_COMMENTS = YES;
				CLANG_WARN_EMPTY_BODY = YES;
				CLANG_WARN_ENUM_CONVERSION = YES;
				CLANG_WARN_INFINITE_RECURSION = YES;
				CLANG_WARN_INT_CONVERSION = YES;
				CLANG_WARN_NON_LITERAL_NULL_CONVERSION = YES;
				CLANG_WARN_OBJC_IMPLICIT_RETAIN_SELF = YES;
				CLANG_WARN_OBJC_LITERAL_CONVERSION = YES;
				CLANG_WARN_OBJC_ROOT_CLASS = YES_ERROR;
				CLANG_WARN_RANGE_LOOP_ANALYSIS = YES;
				CLANG_WARN_STRICT_PROTOTYPES = YES;
				CLANG_WARN_SUSPICIOUS_MOVE = YES;
				CLANG_WARN_UNGUARDED_AVAILABILITY = YES_AGGRESSIVE;
				CLANG_WARN_UNREACHABLE_CODE = YES;
				CLANG_WARN__DUPLICATE_METHOD_MATCH = YES;
				CODE_SIGN_IDENTITY = "iPhone Developer";
				COPY_PHASE_STRIP = NO;
				DEBUG_INFORMATION_FORMAT = dwarf;
				ENABLE_STRICT_OBJC_MSGSEND = YES;
				ENABLE_TESTABILITY = YES;
				GCC_C_LANGUAGE_STANDARD = gnu11;
				GCC_DYNAMIC_NO_PIC = NO;
				GCC_NO_COMMON_BLOCKS = YES;
				GCC_OPTIMIZATION_LEVEL = 0;
				GCC_PREPROCESSOR_DEFINITIONS = (
					"DEBUG=1",
					"$(inherited)",
				);
				GCC_WARN_64_TO_32_BIT_CONVERSION = YES;
				GCC_WARN_ABOUT_RETURN_TYPE = YES_ERROR;
				GCC_WARN_UNDECLARED_SELECTOR = YES;
				GCC_WARN_UNINITIALIZED_AUTOS = YES_AGGRESSIVE;
				GCC_WARN_UNUSED_FUNCTION = YES;
				GCC_WARN_UNUSED_VARIABLE = YES;
				IPHONEOS_DEPLOYMENT_TARGET = 12.0;
				MTL_ENABLE_DEBUG_INFO = INCLUDE_SOURCE;
				ONLY_ACTIVE_ARCH = YES;
				SDKROOT = iphoneos;
				SWIFT_ACTIVE_COMPILATION_CONDITIONS = DEBUG;
				SWIFT_OPTIMIZATION_LEVEL = "-Onone";
			};
			name = Debug;
		};
		890E68A620E539800039AAE3 /* Release */ = {
			isa = XCBuildConfiguration;
			buildSettings = {
				ALWAYS_SEARCH_USER_PATHS = NO;
				CLANG_ANALYZER_NONNULL = YES;
				CLANG_ANALYZER_NUMBER_OBJECT_CONVERSION = YES_AGGRESSIVE;
				CLANG_CXX_LANGUAGE_STANDARD = "gnu++14";
				CLANG_CXX_LIBRARY = "libc++";
				CLANG_ENABLE_MODULES = YES;
				CLANG_ENABLE_OBJC_ARC = YES;
				CLANG_ENABLE_OBJC_WEAK = YES;
				CLANG_WARN_BLOCK_CAPTURE_AUTORELEASING = YES;
				CLANG_WARN_BOOL_CONVERSION = YES;
				CLANG_WARN_COMMA = YES;
				CLANG_WARN_CONSTANT_CONVERSION = YES;
				CLANG_WARN_DEPRECATED_OBJC_IMPLEMENTATIONS = YES;
				CLANG_WARN_DIRECT_OBJC_ISA_USAGE = YES_ERROR;
				CLANG_WARN_DOCUMENTATION_COMMENTS = YES;
				CLANG_WARN_EMPTY_BODY = YES;
				CLANG_WARN_ENUM_CONVERSION = YES;
				CLANG_WARN_INFINITE_RECURSION = YES;
				CLANG_WARN_INT_CONVERSION = YES;
				CLANG_WARN_NON_LITERAL_NULL_CONVERSION = YES;
				CLANG_WARN_OBJC_IMPLICIT_RETAIN_SELF = YES;
				CLANG_WARN_OBJC_LITERAL_CONVERSION = YES;
				CLANG_WARN_OBJC_ROOT_CLASS = YES_ERROR;
				CLANG_WARN_RANGE_LOOP_ANALYSIS = YES;
				CLANG_WARN_STRICT_PROTOTYPES = YES;
				CLANG_WARN_SUSPICIOUS_MOVE = YES;
				CLANG_WARN_UNGUARDED_AVAILABILITY = YES_AGGRESSIVE;
				CLANG_WARN_UNREACHABLE_CODE = YES;
				CLANG_WARN__DUPLICATE_METHOD_MATCH = YES;
				CODE_SIGN_IDENTITY = "iPhone Developer";
				COPY_PHASE_STRIP = NO;
				DEBUG_INFORMATION_FORMAT = "dwarf-with-dsym";
				ENABLE_NS_ASSERTIONS = NO;
				ENABLE_STRICT_OBJC_MSGSEND = YES;
				GCC_C_LANGUAGE_STANDARD = gnu11;
				GCC_NO_COMMON_BLOCKS = YES;
				GCC_WARN_64_TO_32_BIT_CONVERSION = YES;
				GCC_WARN_ABOUT_RETURN_TYPE = YES_ERROR;
				GCC_WARN_UNDECLARED_SELECTOR = YES;
				GCC_WARN_UNINITIALIZED_AUTOS = YES_AGGRESSIVE;
				GCC_WARN_UNUSED_FUNCTION = YES;
				GCC_WARN_UNUSED_VARIABLE = YES;
				IPHONEOS_DEPLOYMENT_TARGET = 12.0;
				MTL_ENABLE_DEBUG_INFO = NO;
				SDKROOT = iphoneos;
				SWIFT_COMPILATION_MODE = wholemodule;
				SWIFT_OPTIMIZATION_LEVEL = "-O";
				VALIDATE_PRODUCT = YES;
			};
			name = Release;
		};
		890E68A820E539800039AAE3 /* Debug */ = {
			isa = XCBuildConfiguration;
			baseConfigurationReference = 351EBEA970AB68D84842D02B /* Pods-UIKitProgrammatically.debug.xcconfig */;
			buildSettings = {
				ASSETCATALOG_COMPILER_APPICON_NAME = AppIcon;
				CODE_SIGN_STYLE = Automatic;
				DEVELOPMENT_TEAM = J6GC8L5SW4;
				INFOPLIST_FILE = UIKitProgrammatically/Info.plist;
				LD_RUNPATH_SEARCH_PATHS = (
					"$(inherited)",
					"@executable_path/Frameworks",
				);
				PRODUCT_BUNDLE_IDENTIFIER = dilipTilonia.UIKitProgrammatically;
				PRODUCT_NAME = "$(TARGET_NAME)";
				SWIFT_VERSION = 4.2;
				TARGETED_DEVICE_FAMILY = "1,2";
			};
			name = Debug;
		};
		890E68A920E539800039AAE3 /* Release */ = {
			isa = XCBuildConfiguration;
			baseConfigurationReference = 4DFABBB35ED937A28BD1850C /* Pods-UIKitProgrammatically.release.xcconfig */;
			buildSettings = {
				ASSETCATALOG_COMPILER_APPICON_NAME = AppIcon;
				CODE_SIGN_STYLE = Automatic;
				DEVELOPMENT_TEAM = J6GC8L5SW4;
				INFOPLIST_FILE = UIKitProgrammatically/Info.plist;
				LD_RUNPATH_SEARCH_PATHS = (
					"$(inherited)",
					"@executable_path/Frameworks",
				);
				PRODUCT_BUNDLE_IDENTIFIER = dilipTilonia.UIKitProgrammatically;
				PRODUCT_NAME = "$(TARGET_NAME)";
				SWIFT_VERSION = 4.2;
				TARGETED_DEVICE_FAMILY = "1,2";
			};
			name = Release;
		};
/* End XCBuildConfiguration section */

/* Begin XCConfigurationList section */
		890E689020E5397F0039AAE3 /* Build configuration list for PBXProject "UIKitProgrammatically" */ = {
			isa = XCConfigurationList;
			buildConfigurations = (
				890E68A520E539800039AAE3 /* Debug */,
				890E68A620E539800039AAE3 /* Release */,
			);
			defaultConfigurationIsVisible = 0;
			defaultConfigurationName = Release;
		};
		890E68A720E539800039AAE3 /* Build configuration list for PBXNativeTarget "UIKitProgrammatically" */ = {
			isa = XCConfigurationList;
			buildConfigurations = (
				890E68A820E539800039AAE3 /* Debug */,
				890E68A920E539800039AAE3 /* Release */,
			);
			defaultConfigurationIsVisible = 0;
			defaultConfigurationName = Release;
		};
/* End XCConfigurationList section */
	};
	rootObject = 890E688D20E5397F0039AAE3 /* Project object */;
}
